
Microsoft Visual Studio Solution File, Format Version 12.00
# Visual Studio Version 17
VisualStudioVersion = 17.5.33516.290
MinimumVisualStudioVersion = 10.0.40219.1
Project("{9A19103F-16F7-4668-BE54-9A1E7A4F7556}") = "DigicHomework", "DigicHomework\DigicHomework.csproj", "{69E84200-9051-4D06-89E6-8CE6F538D427}"
EndProject
Project("{9A19103F-16F7-4668-BE54-9A1E7A4F7556}") = "DigicHomework.Domain", "DigicHomework.Domain\DigicHomework.Domain.csproj", "{3E2AEB87-4C47-4F80-95B2-682427C4BDE8}"
EndProject
Project("{9A19103F-16F7-4668-BE54-9A1E7A4F7556}") = "DigicHomework.UnitTests", "DigicHomework.UnitTests\DigicHomework.UnitTests.csproj", "{B5603A43-AFA8-4DAD-8C93-6F8CC0ED0FB9}"
EndProject
Project("{2150E333-8FDC-42A3-9474-1A3956D46DE8}") = "Solution Items", "Solution Items", "{149E6287-9647-4EFA-A642-9F6D8F344948}"
	ProjectSection(SolutionItems) = preProject
		.editorconfig = .editorconfig
	EndProjectSection
EndProject
Global
	GlobalSection(SolutionConfigurationPlatforms) = preSolution
		Debug|Any CPU = Debug|Any CPU
		Release|Any CPU = Release|Any CPU
	EndGlobalSection
	GlobalSection(ProjectConfigurationPlatforms) = postSolution
		{69E84200-9051-4D06-89E6-8CE6F538D427}.Debug|Any CPU.ActiveCfg = Debug|Any CPU
		{69E84200-9051-4D06-89E6-8CE6F538D427}.Debug|Any CPU.Build.0 = Debug|Any CPU
		{69E84200-9051-4D06-89E6-8CE6F538D427}.Release|Any CPU.ActiveCfg = Release|Any CPU
		{69E84200-9051-4D06-89E6-8CE6F538D427}.Release|Any CPU.Build.0 = Release|Any CPU
		{3E2AEB87-4C47-4F80-95B2-682427C4BDE8}.Debug|Any CPU.ActiveCfg = Debug|Any CPU
		{3E2AEB87-4C47-4F80-95B2-682427C4BDE8}.Debug|Any CPU.Build.0 = Debug|Any CPU
		{3E2AEB87-4C47-4F80-95B2-682427C4BDE8}.Release|Any CPU.ActiveCfg = Release|Any CPU
		{3E2AEB87-4C47-4F80-95B2-682427C4BDE8}.Release|Any CPU.Build.0 = Release|Any CPU
		{B5603A43-AFA8-4DAD-8C93-6F8CC0ED0FB9}.Debug|Any CPU.ActiveCfg = Debug|Any CPU
		{B5603A43-AFA8-4DAD-8C93-6F8CC0ED0FB9}.Debug|Any CPU.Build.0 = Debug|Any CPU
		{B5603A43-AFA8-4DAD-8C93-6F8CC0ED0FB9}.Release|Any CPU.ActiveCfg = Release|Any CPU
		{B5603A43-AFA8-4DAD-8C93-6F8CC0ED0FB9}.Release|Any CPU.Build.0 = Release|Any CPU
	EndGlobalSection
	GlobalSection(SolutionProperties) = preSolution
		HideSolutionNode = FALSE
	EndGlobalSection
	GlobalSection(ExtensibilityGlobals) = postSolution
		SolutionGuid = {4C996131-73C9-48D3-BF68-3D21E2D9D50F}
	EndGlobalSection
EndGlobal
